// !$*UTF8*$!
{
	archiveVersion = 1;
	classes = {
	};
	objectVersion = 50;
	objects = {

/* Begin PBXBuildFile section */
		ED52B599262D802A00F04EAB /* DataStore.swift in Sources */ = {isa = PBXBuildFile; fileRef = ED52B598262D802A00F04EAB /* DataStore.swift */; };
		ED52B59D262DB78600F04EAB /* DayView.swift in Sources */ = {isa = PBXBuildFile; fileRef = ED52B59C262DB78600F04EAB /* DayView.swift */; };
		ED635388262855E000B07DC8 /* MycoRecorderApp.swift in Sources */ = {isa = PBXBuildFile; fileRef = ED635387262855E000B07DC8 /* MycoRecorderApp.swift */; };
		ED63538A262855E000B07DC8 /* ContentView.swift in Sources */ = {isa = PBXBuildFile; fileRef = ED635389262855E000B07DC8 /* ContentView.swift */; };
		ED63538C262855F900B07DC8 /* Assets.xcassets in Resources */ = {isa = PBXBuildFile; fileRef = ED63538B262855F900B07DC8 /* Assets.xcassets */; };
		ED63538F262855FA00B07DC8 /* Preview Assets.xcassets in Resources */ = {isa = PBXBuildFile; fileRef = ED63538E262855FA00B07DC8 /* Preview Assets.xcassets */; };
		ED6C926F264537B60009252C /* LabelTickView.swift in Sources */ = {isa = PBXBuildFile; fileRef = ED6C926E264537B60009252C /* LabelTickView.swift */; };
		ED73E65626340A3C0084BE79 /* RecordTextItem.swift in Sources */ = {isa = PBXBuildFile; fileRef = ED73E65526340A3C0084BE79 /* RecordTextItem.swift */; };
		ED93BA682628BB4E004F2C16 /* Record.swift in Sources */ = {isa = PBXBuildFile; fileRef = ED93BA672628BB4E004F2C16 /* Record.swift */; };
		EDB08C82263FCA6000A72953 /* SettingsView.swift in Sources */ = {isa = PBXBuildFile; fileRef = EDB08C81263FCA6000A72953 /* SettingsView.swift */; };
		EDB08C84263FDAB400A72953 /* SettingsTextItem.swift in Sources */ = {isa = PBXBuildFile; fileRef = EDB08C83263FDAB400A72953 /* SettingsTextItem.swift */; };
		EDB08C86264024CD00A72953 /* Settings.swift in Sources */ = {isa = PBXBuildFile; fileRef = EDB08C85264024CC00A72953 /* Settings.swift */; };
		EDB08C882640452100A72953 /* StringExtensions.swift in Sources */ = {isa = PBXBuildFile; fileRef = EDB08C872640452100A72953 /* StringExtensions.swift */; };
		EDB08C8A2640458F00A72953 /* ViewExtensions.swift in Sources */ = {isa = PBXBuildFile; fileRef = EDB08C892640458F00A72953 /* ViewExtensions.swift */; };
		EDB08C8C2643159100A72953 /* CheckBoxView.swift in Sources */ = {isa = PBXBuildFile; fileRef = EDB08C8B2643159100A72953 /* CheckBoxView.swift */; };
		EDD661D12629932D00134F94 /* RecordView.swift in Sources */ = {isa = PBXBuildFile; fileRef = EDD661D02629932D00134F94 /* RecordView.swift */; };
		EDF0C6A126390C1000BAC7E4 /* DateFormat.swift in Sources */ = {isa = PBXBuildFile; fileRef = EDF0C6A026390C1000BAC7E4 /* DateFormat.swift */; };
		EDF0C6A326395A4F00BAC7E4 /* RecordStore.swift in Sources */ = {isa = PBXBuildFile; fileRef = EDF0C6A226395A4F00BAC7E4 /* RecordStore.swift */; };
		EDF0C6A52639B4A600BAC7E4 /* RecordDateItem.swift in Sources */ = {isa = PBXBuildFile; fileRef = EDF0C6A42639B4A600BAC7E4 /* RecordDateItem.swift */; };
		EDF0C6A72639E88700BAC7E4 /* EditRecordView.swift in Sources */ = {isa = PBXBuildFile; fileRef = EDF0C6A62639E88700BAC7E4 /* EditRecordView.swift */; };
		EDF0C6A9263A44A600BAC7E4 /* ISerialiser.swift in Sources */ = {isa = PBXBuildFile; fileRef = EDF0C6A8263A44A600BAC7E4 /* ISerialiser.swift */; };
		EDF0C6AB263A6A8700BAC7E4 /* LocationManager.swift in Sources */ = {isa = PBXBuildFile; fileRef = EDF0C6AA263A6A8600BAC7E4 /* LocationManager.swift */; };
/* End PBXBuildFile section */

/* Begin PBXFileReference section */
		ED52B598262D802A00F04EAB /* DataStore.swift */ = {isa = PBXFileReference; lastKnownFileType = sourcecode.swift; path = DataStore.swift; sourceTree = "<group>"; };
		ED52B59C262DB78600F04EAB /* DayView.swift */ = {isa = PBXFileReference; lastKnownFileType = sourcecode.swift; path = DayView.swift; sourceTree = "<group>"; };
		ED635384262855E000B07DC8 /* MycoRecorder.app */ = {isa = PBXFileReference; explicitFileType = wrapper.application; includeInIndex = 0; path = MycoRecorder.app; sourceTree = BUILT_PRODUCTS_DIR; };
		ED635387262855E000B07DC8 /* MycoRecorderApp.swift */ = {isa = PBXFileReference; lastKnownFileType = sourcecode.swift; path = MycoRecorderApp.swift; sourceTree = "<group>"; };
		ED635389262855E000B07DC8 /* ContentView.swift */ = {isa = PBXFileReference; lastKnownFileType = sourcecode.swift; path = ContentView.swift; sourceTree = "<group>"; };
		ED63538B262855F900B07DC8 /* Assets.xcassets */ = {isa = PBXFileReference; lastKnownFileType = folder.assetcatalog; path = Assets.xcassets; sourceTree = "<group>"; };
		ED63538E262855FA00B07DC8 /* Preview Assets.xcassets */ = {isa = PBXFileReference; lastKnownFileType = folder.assetcatalog; path = "Preview Assets.xcassets"; sourceTree = "<group>"; };
		ED635390262855FA00B07DC8 /* Info.plist */ = {isa = PBXFileReference; lastKnownFileType = text.plist.xml; path = Info.plist; sourceTree = "<group>"; };
		ED6C926E264537B60009252C /* LabelTickView.swift */ = {isa = PBXFileReference; lastKnownFileType = sourcecode.swift; path = LabelTickView.swift; sourceTree = "<group>"; };
		ED73E65526340A3C0084BE79 /* RecordTextItem.swift */ = {isa = PBXFileReference; lastKnownFileType = sourcecode.swift; path = RecordTextItem.swift; sourceTree = "<group>"; };
		ED93BA672628BB4E004F2C16 /* Record.swift */ = {isa = PBXFileReference; lastKnownFileType = sourcecode.swift; path = Record.swift; sourceTree = "<group>"; };
		EDB08C81263FCA6000A72953 /* SettingsView.swift */ = {isa = PBXFileReference; lastKnownFileType = sourcecode.swift; path = SettingsView.swift; sourceTree = "<group>"; };
		EDB08C83263FDAB400A72953 /* SettingsTextItem.swift */ = {isa = PBXFileReference; lastKnownFileType = sourcecode.swift; path = SettingsTextItem.swift; sourceTree = "<group>"; };
		EDB08C85264024CC00A72953 /* Settings.swift */ = {isa = PBXFileReference; lastKnownFileType = sourcecode.swift; path = Settings.swift; sourceTree = "<group>"; };
		EDB08C872640452100A72953 /* StringExtensions.swift */ = {isa = PBXFileReference; lastKnownFileType = sourcecode.swift; path = StringExtensions.swift; sourceTree = "<group>"; };
		EDB08C892640458F00A72953 /* ViewExtensions.swift */ = {isa = PBXFileReference; lastKnownFileType = sourcecode.swift; path = ViewExtensions.swift; sourceTree = "<group>"; };
		EDB08C8B2643159100A72953 /* CheckBoxView.swift */ = {isa = PBXFileReference; lastKnownFileType = sourcecode.swift; path = CheckBoxView.swift; sourceTree = "<group>"; };
		EDD661D02629932D00134F94 /* RecordView.swift */ = {isa = PBXFileReference; lastKnownFileType = sourcecode.swift; path = RecordView.swift; sourceTree = "<group>"; };
		EDF0C6A026390C1000BAC7E4 /* DateFormat.swift */ = {isa = PBXFileReference; lastKnownFileType = sourcecode.swift; path = DateFormat.swift; sourceTree = "<group>"; };
		EDF0C6A226395A4F00BAC7E4 /* RecordStore.swift */ = {isa = PBXFileReference; lastKnownFileType = sourcecode.swift; path = RecordStore.swift; sourceTree = "<group>"; };
		EDF0C6A42639B4A600BAC7E4 /* RecordDateItem.swift */ = {isa = PBXFileReference; lastKnownFileType = sourcecode.swift; path = RecordDateItem.swift; sourceTree = "<group>"; };
		EDF0C6A62639E88700BAC7E4 /* EditRecordView.swift */ = {isa = PBXFileReference; lastKnownFileType = sourcecode.swift; path = EditRecordView.swift; sourceTree = "<group>"; };
		EDF0C6A8263A44A600BAC7E4 /* ISerialiser.swift */ = {isa = PBXFileReference; lastKnownFileType = sourcecode.swift; path = ISerialiser.swift; sourceTree = "<group>"; };
		EDF0C6AA263A6A8600BAC7E4 /* LocationManager.swift */ = {isa = PBXFileReference; lastKnownFileType = sourcecode.swift; path = LocationManager.swift; sourceTree = "<group>"; };
/* End PBXFileReference section */

/* Begin PBXFrameworksBuildPhase section */
		ED635381262855DF00B07DC8 /* Frameworks */ = {
			isa = PBXFrameworksBuildPhase;
			buildActionMask = 2147483647;
			files = (
			);
			runOnlyForDeploymentPostprocessing = 0;
		};
/* End PBXFrameworksBuildPhase section */

/* Begin PBXGroup section */
		ED63537B262855DF00B07DC8 = {
			isa = PBXGroup;
			children = (
				ED635397262856C500B07DC8 /* Model */,
				ED635396262856BE00B07DC8 /* Views */,
				ED635386262855E000B07DC8 /* MycoRecorder */,
				ED635385262855E000B07DC8 /* Products */,
			);
			sourceTree = "<group>";
		};
		ED635385262855E000B07DC8 /* Products */ = {
			isa = PBXGroup;
			children = (
				ED635384262855E000B07DC8 /* MycoRecorder.app */,
			);
			name = Products;
			sourceTree = "<group>";
		};
		ED635386262855E000B07DC8 /* MycoRecorder */ = {
			isa = PBXGroup;
			children = (
				ED635387262855E000B07DC8 /* MycoRecorderApp.swift */,
				ED63538B262855F900B07DC8 /* Assets.xcassets */,
				ED635390262855FA00B07DC8 /* Info.plist */,
				ED63538D262855FA00B07DC8 /* Preview Content */,
			);
			path = MycoRecorder;
			sourceTree = "<group>";
		};
		ED63538D262855FA00B07DC8 /* Preview Content */ = {
			isa = PBXGroup;
			children = (
				ED63538E262855FA00B07DC8 /* Preview Assets.xcassets */,
			);
			path = "Preview Content";
			sourceTree = "<group>";
		};
		ED635396262856BE00B07DC8 /* Views */ = {
			isa = PBXGroup;
			children = (
				ED635389262855E000B07DC8 /* ContentView.swift */,
				ED52B59C262DB78600F04EAB /* DayView.swift */,
				EDF0C6A62639E88700BAC7E4 /* EditRecordView.swift */,
				EDF0C6A42639B4A600BAC7E4 /* RecordDateItem.swift */,
				ED73E65526340A3C0084BE79 /* RecordTextItem.swift */,
				EDD661D02629932D00134F94 /* RecordView.swift */,
				EDB08C83263FDAB400A72953 /* SettingsTextItem.swift */,
				EDB08C81263FCA6000A72953 /* SettingsView.swift */,
				EDB08C892640458F00A72953 /* ViewExtensions.swift */,
				EDB08C8B2643159100A72953 /* CheckBoxView.swift */,
				ED6C926E264537B60009252C /* LabelTickView.swift */,
			);
			path = Views;
			sourceTree = "<group>";
		};
		ED635397262856C500B07DC8 /* Model */ = {
			isa = PBXGroup;
			children = (
				ED93BA672628BB4E004F2C16 /* Record.swift */,
				ED52B598262D802A00F04EAB /* DataStore.swift */,
				EDF0C6A026390C1000BAC7E4 /* DateFormat.swift */,
				EDF0C6A8263A44A600BAC7E4 /* ISerialiser.swift */,
				EDF0C6AA263A6A8600BAC7E4 /* LocationManager.swift */,
				EDF0C6A226395A4F00BAC7E4 /* RecordStore.swift */,
				EDB08C85264024CC00A72953 /* Settings.swift */,
				EDB08C872640452100A72953 /* StringExtensions.swift */,
			);
			path = Model;
			sourceTree = "<group>";
		};
/* End PBXGroup section */

/* Begin PBXNativeTarget section */
		ED635383262855DF00B07DC8 /* MycoRecorder */ = {
			isa = PBXNativeTarget;
			buildConfigurationList = ED635393262855FA00B07DC8 /* Build configuration list for PBXNativeTarget "MycoRecorder" */;
			buildPhases = (
				ED635380262855DF00B07DC8 /* Sources */,
				ED635381262855DF00B07DC8 /* Frameworks */,
				ED635382262855DF00B07DC8 /* Resources */,
			);
			buildRules = (
			);
			dependencies = (
			);
			name = MycoRecorder;
			productName = MycoRecorder;
			productReference = ED635384262855E000B07DC8 /* MycoRecorder.app */;
			productType = "com.apple.product-type.application";
		};
/* End PBXNativeTarget section */

/* Begin PBXProject section */
		ED63537C262855DF00B07DC8 /* Project object */ = {
			isa = PBXProject;
			attributes = {
				LastSwiftUpdateCheck = 1250;
				LastUpgradeCheck = 1250;
				TargetAttributes = {
					ED635383262855DF00B07DC8 = {
						CreatedOnToolsVersion = 12.5;
					};
				};
			};
			buildConfigurationList = ED63537F262855DF00B07DC8 /* Build configuration list for PBXProject "MycoRecorder" */;
			compatibilityVersion = "Xcode 9.3";
			developmentRegion = en;
			hasScannedForEncodings = 0;
			knownRegions = (
				en,
				Base,
			);
			mainGroup = ED63537B262855DF00B07DC8;
			productRefGroup = ED635385262855E000B07DC8 /* Products */;
			projectDirPath = "";
			projectRoot = "";
			targets = (
				ED635383262855DF00B07DC8 /* MycoRecorder */,
			);
		};
/* End PBXProject section */

/* Begin PBXResourcesBuildPhase section */
		ED635382262855DF00B07DC8 /* Resources */ = {
			isa = PBXResourcesBuildPhase;
			buildActionMask = 2147483647;
			files = (
				ED63538F262855FA00B07DC8 /* Preview Assets.xcassets in Resources */,
				ED63538C262855F900B07DC8 /* Assets.xcassets in Resources */,
			);
			runOnlyForDeploymentPostprocessing = 0;
		};
/* End PBXResourcesBuildPhase section */

/* Begin PBXSourcesBuildPhase section */
		ED635380262855DF00B07DC8 /* Sources */ = {
			isa = PBXSourcesBuildPhase;
			buildActionMask = 2147483647;
			files = (
				ED52B599262D802A00F04EAB /* DataStore.swift in Sources */,
				ED63538A262855E000B07DC8 /* ContentView.swift in Sources */,
				EDF0C6A72639E88700BAC7E4 /* EditRecordView.swift in Sources */,
				EDB08C84263FDAB400A72953 /* SettingsTextItem.swift in Sources */,
				ED93BA682628BB4E004F2C16 /* Record.swift in Sources */,
				EDF0C6A126390C1000BAC7E4 /* DateFormat.swift in Sources */,
				EDF0C6A326395A4F00BAC7E4 /* RecordStore.swift in Sources */,
				ED73E65626340A3C0084BE79 /* RecordTextItem.swift in Sources */,
				ED6C926F264537B60009252C /* LabelTickView.swift in Sources */,
				EDB08C82263FCA6000A72953 /* SettingsView.swift in Sources */,
				ED52B59D262DB78600F04EAB /* DayView.swift in Sources */,
				EDB08C86264024CD00A72953 /* Settings.swift in Sources */,
				EDF0C6A9263A44A600BAC7E4 /* ISerialiser.swift in Sources */,
				EDF0C6A52639B4A600BAC7E4 /* RecordDateItem.swift in Sources */,
				ED635388262855E000B07DC8 /* MycoRecorderApp.swift in Sources */,
				EDB08C8A2640458F00A72953 /* ViewExtensions.swift in Sources */,
				EDB08C882640452100A72953 /* StringExtensions.swift in Sources */,
				EDB08C8C2643159100A72953 /* CheckBoxView.swift in Sources */,
				EDD661D12629932D00134F94 /* RecordView.swift in Sources */,
				EDF0C6AB263A6A8700BAC7E4 /* LocationManager.swift in Sources */,
			);
			runOnlyForDeploymentPostprocessing = 0;
		};
/* End PBXSourcesBuildPhase section */

/* Begin XCBuildConfiguration section */
		ED635391262855FA00B07DC8 /* Debug */ = {
			isa = XCBuildConfiguration;
			buildSettings = {
				ALWAYS_SEARCH_USER_PATHS = NO;
				CLANG_ANALYZER_NONNULL = YES;
				CLANG_ANALYZER_NUMBER_OBJECT_CONVERSION = YES_AGGRESSIVE;
				CLANG_CXX_LANGUAGE_STANDARD = "gnu++14";
				CLANG_CXX_LIBRARY = "libc++";
				CLANG_ENABLE_MODULES = YES;
				CLANG_ENABLE_OBJC_ARC = YES;
				CLANG_ENABLE_OBJC_WEAK = YES;
				CLANG_WARN_BLOCK_CAPTURE_AUTORELEASING = YES;
				CLANG_WARN_BOOL_CONVERSION = YES;
				CLANG_WARN_COMMA = YES;
				CLANG_WARN_CONSTANT_CONVERSION = YES;
				CLANG_WARN_DEPRECATED_OBJC_IMPLEMENTATIONS = YES;
				CLANG_WARN_DIRECT_OBJC_ISA_USAGE = YES_ERROR;
				CLANG_WARN_DOCUMENTATION_COMMENTS = YES;
				CLANG_WARN_EMPTY_BODY = YES;
				CLANG_WARN_ENUM_CONVERSION = YES;
				CLANG_WARN_INFINITE_RECURSION = YES;
				CLANG_WARN_INT_CONVERSION = YES;
				CLANG_WARN_NON_LITERAL_NULL_CONVERSION = YES;
				CLANG_WARN_OBJC_IMPLICIT_RETAIN_SELF = YES;
				CLANG_WARN_OBJC_LITERAL_CONVERSION = YES;
				CLANG_WARN_OBJC_ROOT_CLASS = YES_ERROR;
				CLANG_WARN_QUOTED_INCLUDE_IN_FRAMEWORK_HEADER = YES;
				CLANG_WARN_RANGE_LOOP_ANALYSIS = YES;
				CLANG_WARN_STRICT_PROTOTYPES = YES;
				CLANG_WARN_SUSPICIOUS_MOVE = YES;
				CLANG_WARN_UNGUARDED_AVAILABILITY = YES_AGGRESSIVE;
				CLANG_WARN_UNREACHABLE_CODE = YES;
				CLANG_WARN__DUPLICATE_METHOD_MATCH = YES;
				COPY_PHASE_STRIP = NO;
				DEBUG_INFORMATION_FORMAT = dwarf;
				ENABLE_STRICT_OBJC_MSGSEND = YES;
				ENABLE_TESTABILITY = YES;
				GCC_C_LANGUAGE_STANDARD = gnu11;
				GCC_DYNAMIC_NO_PIC = NO;
				GCC_NO_COMMON_BLOCKS = YES;
				GCC_OPTIMIZATION_LEVEL = 0;
				GCC_PREPROCESSOR_DEFINITIONS = (
					"DEBUG=1",
					"$(inherited)",
				);
				GCC_WARN_64_TO_32_BIT_CONVERSION = YES;
				GCC_WARN_ABOUT_RETURN_TYPE = YES_ERROR;
				GCC_WARN_UNDECLARED_SELECTOR = YES;
				GCC_WARN_UNINITIALIZED_AUTOS = YES_AGGRESSIVE;
				GCC_WARN_UNUSED_FUNCTION = YES;
				GCC_WARN_UNUSED_VARIABLE = YES;
				IPHONEOS_DEPLOYMENT_TARGET = 14.5;
				MTL_ENABLE_DEBUG_INFO = INCLUDE_SOURCE;
				MTL_FAST_MATH = YES;
				ONLY_ACTIVE_ARCH = YES;
				SDKROOT = iphoneos;
				SWIFT_ACTIVE_COMPILATION_CONDITIONS = DEBUG;
				SWIFT_OPTIMIZATION_LEVEL = "-Onone";
			};
			name = Debug;
		};
		ED635392262855FA00B07DC8 /* Release */ = {
			isa = XCBuildConfiguration;
			buildSettings = {
				ALWAYS_SEARCH_USER_PATHS = NO;
				CLANG_ANALYZER_NONNULL = YES;
				CLANG_ANALYZER_NUMBER_OBJECT_CONVERSION = YES_AGGRESSIVE;
				CLANG_CXX_LANGUAGE_STANDARD = "gnu++14";
				CLANG_CXX_LIBRARY = "libc++";
				CLANG_ENABLE_MODULES = YES;
				CLANG_ENABLE_OBJC_ARC = YES;
				CLANG_ENABLE_OBJC_WEAK = YES;
				CLANG_WARN_BLOCK_CAPTURE_AUTORELEASING = YES;
				CLANG_WARN_BOOL_CONVERSION = YES;
				CLANG_WARN_COMMA = YES;
				CLANG_WARN_CONSTANT_CONVERSION = YES;
				CLANG_WARN_DEPRECATED_OBJC_IMPLEMENTATIONS = YES;
				CLANG_WARN_DIRECT_OBJC_ISA_USAGE = YES_ERROR;
				CLANG_WARN_DOCUMENTATION_COMMENTS = YES;
				CLANG_WARN_EMPTY_BODY = YES;
				CLANG_WARN_ENUM_CONVERSION = YES;
				CLANG_WARN_INFINITE_RECURSION = YES;
				CLANG_WARN_INT_CONVERSION = YES;
				CLANG_WARN_NON_LITERAL_NULL_CONVERSION = YES;
				CLANG_WARN_OBJC_IMPLICIT_RETAIN_SELF = YES;
				CLANG_WARN_OBJC_LITERAL_CONVERSION = YES;
				CLANG_WARN_OBJC_ROOT_CLASS = YES_ERROR;
				CLANG_WARN_QUOTED_INCLUDE_IN_FRAMEWORK_HEADER = YES;
				CLANG_WARN_RANGE_LOOP_ANALYSIS = YES;
				CLANG_WARN_STRICT_PROTOTYPES = YES;
				CLANG_WARN_SUSPICIOUS_MOVE = YES;
				CLANG_WARN_UNGUARDED_AVAILABILITY = YES_AGGRESSIVE;
				CLANG_WARN_UNREACHABLE_CODE = YES;
				CLANG_WARN__DUPLICATE_METHOD_MATCH = YES;
				COPY_PHASE_STRIP = NO;
				DEBUG_INFORMATION_FORMAT = "dwarf-with-dsym";
				ENABLE_NS_ASSERTIONS = NO;
				ENABLE_STRICT_OBJC_MSGSEND = YES;
				GCC_C_LANGUAGE_STANDARD = gnu11;
				GCC_NO_COMMON_BLOCKS = YES;
				GCC_WARN_64_TO_32_BIT_CONVERSION = YES;
				GCC_WARN_ABOUT_RETURN_TYPE = YES_ERROR;
				GCC_WARN_UNDECLARED_SELECTOR = YES;
				GCC_WARN_UNINITIALIZED_AUTOS = YES_AGGRESSIVE;
				GCC_WARN_UNUSED_FUNCTION = YES;
				GCC_WARN_UNUSED_VARIABLE = YES;
				IPHONEOS_DEPLOYMENT_TARGET = 14.5;
				MTL_ENABLE_DEBUG_INFO = NO;
				MTL_FAST_MATH = YES;
				SDKROOT = iphoneos;
				SWIFT_COMPILATION_MODE = wholemodule;
				SWIFT_OPTIMIZATION_LEVEL = "-O";
				VALIDATE_PRODUCT = YES;
			};
			name = Release;
		};
		ED635394262855FA00B07DC8 /* Debug */ = {
			isa = XCBuildConfiguration;
			buildSettings = {
				ASSETCATALOG_COMPILER_APPICON_NAME = AppIcon;
				ASSETCATALOG_COMPILER_GLOBAL_ACCENT_COLOR_NAME = AccentColor;
				CODE_SIGN_STYLE = Automatic;
				DEVELOPMENT_ASSET_PATHS = "\"MycoRecorder/Preview Content\"";
				DEVELOPMENT_TEAM = N34L9L7URD;
				ENABLE_PREVIEWS = YES;
				INFOPLIST_FILE = MycoRecorder/Info.plist;
				IPHONEOS_DEPLOYMENT_TARGET = 14.0;
				LD_RUNPATH_SEARCH_PATHS = (
					"$(inherited)",
					"@executable_path/Frameworks",
				);
				PRODUCT_BUNDLE_IDENTIFIER = Leif.Goodwin.MycoRecorder;
				PRODUCT_NAME = "$(TARGET_NAME)";
				SWIFT_VERSION = 5.0;
				TARGETED_DEVICE_FAMILY = "1,2";
			};
			name = Debug;
		};
		ED635395262855FA00B07DC8 /* Release */ = {
			isa = XCBuildConfiguration;
			buildSettings = {
				ASSETCATALOG_COMPILER_APPICON_NAME = AppIcon;
				ASSETCATALOG_COMPILER_GLOBAL_ACCENT_COLOR_NAME = AccentColor;
				CODE_SIGN_STYLE = Automatic;
				DEVELOPMENT_ASSET_PATHS = "\"MycoRecorder/Preview Content\"";
				DEVELOPMENT_TEAM = N34L9L7URD;
				ENABLE_PREVIEWS = YES;
				INFOPLIST_FILE = MycoRecorder/Info.plist;
				IPHONEOS_DEPLOYMENT_TARGET = 14.0;
				LD_RUNPATH_SEARCH_PATHS = (
					"$(inherited)",
					"@executable_path/Frameworks",
				);
				PRODUCT_BUNDLE_IDENTIFIER = Leif.Goodwin.MycoRecorder;
				PRODUCT_NAME = "$(TARGET_NAME)";
				SWIFT_VERSION = 5.0;
				TARGETED_DEVICE_FAMILY = "1,2";
			};
			name = Release;
		};
/* End XCBuildConfiguration section */

/* Begin XCConfigurationList section */
		ED63537F262855DF00B07DC8 /* Build configuration list for PBXProject "MycoRecorder" */ = {
			isa = XCConfigurationList;
			buildConfigurations = (
				ED635391262855FA00B07DC8 /* Debug */,
				ED635392262855FA00B07DC8 /* Release */,
			);
			defaultConfigurationIsVisible = 0;
			defaultConfigurationName = Release;
		};
		ED635393262855FA00B07DC8 /* Build configuration list for PBXNativeTarget "MycoRecorder" */ = {
			isa = XCConfigurationList;
			buildConfigurations = (
				ED635394262855FA00B07DC8 /* Debug */,
				ED635395262855FA00B07DC8 /* Release */,
			);
			defaultConfigurationIsVisible = 0;
			defaultConfigurationName = Release;
		};
/* End XCConfigurationList section */
	};
	rootObject = ED63537C262855DF00B07DC8 /* Project object */;
}
